
Microsoft Visual Studio Solution File, Format Version 12.00
# Visual Studio Version 17
VisualStudioVersion = 17.5.002.0
MinimumVisualStudioVersion = 10.0.40219.1
Project("{2150E333-8FDC-42A3-9474-1A3956D46DE8}") = "src", "src", "{6A7E01D2-C137-4895-8DF1-283D1B8AC308}"
EndProject
Project("{9A19103F-16F7-4668-BE54-9A1E7A4F7556}") = "SelectiveHider", "src\SelectiveHider\SelectiveHider.csproj", "{1CF92E58-B0EF-4499-9C39-39E7B832FFE3}"
EndProject
Global
	GlobalSection(SolutionConfigurationPlatforms) = preSolution
		Debug|Any CPU = Debug|Any CPU
		Release|Any CPU = Release|Any CPU
	EndGlobalSection
	GlobalSection(ProjectConfigurationPlatforms) = postSolution
		{1CF92E58-B0EF-4499-9C39-39E7B832FFE3}.Debug|Any CPU.ActiveCfg = Debug|Any CPU
		{1CF92E58-B0EF-4499-9C39-39E7B832FFE3}.Debug|Any CPU.Build.0 = Debug|Any CPU
		{1CF92E58-B0EF-4499-9C39-39E7B832FFE3}.Release|Any CPU.ActiveCfg = Release|Any CPU
		{1CF92E58-B0EF-4499-9C39-39E7B832FFE3}.Release|Any CPU.Build.0 = Release|Any CPU
	EndGlobalSection
	GlobalSection(SolutionProperties) = preSolution
		HideSolutionNode = FALSE
	EndGlobalSection
	GlobalSection(NestedProjects) = preSolution
		{1CF92E58-B0EF-4499-9C39-39E7B832FFE3} = {6A7E01D2-C137-4895-8DF1-283D1B8AC308}
	EndGlobalSection
	GlobalSection(ExtensibilityGlobals) = postSolution
		SolutionGuid = {92F6D475-68F0-44D6-A1AF-A28F5948E381}
	EndGlobalSection
EndGlobal
